
Microsoft Visual Studio Solution File, Format Version 10.00
# Visual Studio 2008
Project("{F14B399A-7131-4C87-9E4B-1186C45EF12D}") = "PlannerReport", "PlannerReport.rptproj", "{4EFA2A52-1AA4-4A91-B434-AC2D1E6C1ED2}"
EndProject
Global
	GlobalSection(SolutionConfigurationPlatforms) = preSolution
		Debug|Default = Debug|Default
		DebugLocal|Default = DebugLocal|Default
		Release|Default = Release|Default
	EndGlobalSection
	GlobalSection(ProjectConfigurationPlatforms) = postSolution
		{4EFA2A52-1AA4-4A91-B434-AC2D1E6C1ED2}.Debug|Default.ActiveCfg = Debug
		{4EFA2A52-1AA4-4A91-B434-AC2D1E6C1ED2}.Debug|Default.Build.0 = DebugLocal
		{4EFA2A52-1AA4-4A91-B434-AC2D1E6C1ED2}.Debug|Default.Deploy.0 = DebugLocal
		{4EFA2A52-1AA4-4A91-B434-AC2D1E6C1ED2}.DebugLocal|Default.ActiveCfg = DebugLocal
		{4EFA2A52-1AA4-4A91-B434-AC2D1E6C1ED2}.DebugLocal|Default.Build.0 = DebugLocal
		{4EFA2A52-1AA4-4A91-B434-AC2D1E6C1ED2}.DebugLocal|Default.Deploy.0 = DebugLocal
		{4EFA2A52-1AA4-4A91-B434-AC2D1E6C1ED2}.Release|Default.ActiveCfg = Release
		{4EFA2A52-1AA4-4A91-B434-AC2D1E6C1ED2}.Release|Default.Build.0 = Release
		{4EFA2A52-1AA4-4A91-B434-AC2D1E6C1ED2}.Release|Default.Deploy.0 = Release
	EndGlobalSection
	GlobalSection(SolutionProperties) = preSolution
		HideSolutionNode = FALSE
	EndGlobalSection
EndGlobal
